
Microsoft Visual Studio Solution File, Format Version 12.00
# Visual Studio 15
VisualStudioVersion = 15.0.27130.2020
MinimumVisualStudioVersion = 10.0.40219.1
Project("{FAE04EC0-301F-11D3-BF4B-00C04F79EFBC}") = "receipts", "receipts\receipts.csproj", "{8D1B1DB0-0A48-486A-8B67-8BAA7D90A398}"
EndProject
Global
	GlobalSection(SolutionConfigurationPlatforms) = preSolution
		Debug|Any CPU = Debug|Any CPU
		Release|Any CPU = Release|Any CPU
	EndGlobalSection
	GlobalSection(ProjectConfigurationPlatforms) = postSolution
		{8D1B1DB0-0A48-486A-8B67-8BAA7D90A398}.Debug|Any CPU.ActiveCfg = Debug|Any CPU
		{8D1B1DB0-0A48-486A-8B67-8BAA7D90A398}.Debug|Any CPU.Build.0 = Debug|Any CPU
		{8D1B1DB0-0A48-486A-8B67-8BAA7D90A398}.Release|Any CPU.ActiveCfg = Release|Any CPU
		{8D1B1DB0-0A48-486A-8B67-8BAA7D90A398}.Release|Any CPU.Build.0 = Release|Any CPU
	EndGlobalSection
	GlobalSection(SolutionProperties) = preSolution
		HideSolutionNode = FALSE
	EndGlobalSection
	GlobalSection(ExtensibilityGlobals) = postSolution
		SolutionGuid = {25C75AD1-8D3E-488B-9B1E-17E6F4456FEC}
	EndGlobalSection
EndGlobal
